
Microsoft Visual Studio Solution File, Format Version 12.00
# Visual Studio Version 17
VisualStudioVersion = 17.13.35913.81 d17.13
MinimumVisualStudioVersion = 10.0.40219.1
Project("{FAE04EC0-301F-11D3-BF4B-00C04F79EFBC}") = "backend", "backend.csproj", "{6580DA87-BB6C-43E5-A249-58DD85934E44}"
EndProject
Global
	GlobalSection(SolutionConfigurationPlatforms) = preSolution
		Debug|Any CPU = Debug|Any CPU
		Release|Any CPU = Release|Any CPU
	EndGlobalSection
	GlobalSection(ProjectConfigurationPlatforms) = postSolution
		{6580DA87-BB6C-43E5-A249-58DD85934E44}.Debug|Any CPU.ActiveCfg = Debug|Any CPU
		{6580DA87-BB6C-43E5-A249-58DD85934E44}.Debug|Any CPU.Build.0 = Debug|Any CPU
		{6580DA87-BB6C-43E5-A249-58DD85934E44}.Release|Any CPU.ActiveCfg = Release|Any CPU
		{6580DA87-BB6C-43E5-A249-58DD85934E44}.Release|Any CPU.Build.0 = Release|Any CPU
	EndGlobalSection
	GlobalSection(SolutionProperties) = preSolution
		HideSolutionNode = FALSE
	EndGlobalSection
	GlobalSection(ExtensibilityGlobals) = postSolution
		SolutionGuid = {4FE126F1-9535-4B7A-A6FD-0AA31318425D}
	EndGlobalSection
EndGlobal
